{
  "nodes": {
    "elisp-helpers": {
      "flake": false,
      "locked": {
        "lastModified": 1670660561,
        "narHash": "sha256-cqRF2OZcJyMq6f5OpGC5hRvWJM1/xZmU+WGguKhp1+w=",
        "owner": "emacs-twist",
        "repo": "elisp-helpers",
        "rev": "603e1e097cce75a1e1e9efa06705796d55ffc44e",
        "type": "github"
      },
      "original": {
        "owner": "emacs-twist",
        "repo": "elisp-helpers",
        "type": "github"
      }
    },
    "elsa": {
      "flake": false,
      "locked": {
        "lastModified": 1645647680,
        "narHash": "sha256-uEX4T4VAIBiiSUfLXko/mxOghlz794GgVfD21jqJ3F0=",
        "owner": "emacs-elsa",
        "repo": "Elsa",
        "rev": "21ed4f46e2d02ffb48b3ae377b0c93732ccf3f4f",
        "type": "github"
      },
      "original": {
        "owner": "emacs-elsa",
        "repo": "Elsa",
        "type": "github"
      }
    },
    "emacs": {
      "flake": false,
      "locked": {
        "lastModified": 1671277317,
        "narHash": "sha256-ErGrzuO7irAhAWPS4kfI+Hzo4urG8Ckj8/6hzYLDnDM=",
        "owner": "emacs-mirror",
        "repo": "emacs",
        "rev": "7828ceac1dd0638bccdec95ce4d1ce504e152bd3",
        "type": "github"
      },
      "original": {
        "owner": "emacs-mirror",
        "repo": "emacs",
        "type": "github"
      }
    },
    "emacs-ci": {
      "flake": false,
      "locked": {
        "lastModified": 1671124940,
        "narHash": "sha256-jRkvXoAfgzm5um+dLlLe39vOLercLmMpt2FSycEKvnk=",
        "owner": "purcell",
        "repo": "nix-emacs-ci",
        "rev": "2d86204616009af71cd7ca736e1ab26cbe82fcbc",
        "type": "github"
      },
      "original": {
        "owner": "purcell",
        "repo": "nix-emacs-ci",
        "type": "github"
      }
    },
    "epkgs": {
      "flake": false,
      "locked": {
        "lastModified": 1671238408,
        "narHash": "sha256-A8Cuo2y2zl5D8nAXdh7f9bCkEvpoMG3B6Cx1mFaVaaI=",
        "owner": "emacsmirror",
        "repo": "epkgs",
        "rev": "e0dcfa2204f391c6f3022a2c941401af37f03870",
        "type": "github"
      },
      "original": {
        "owner": "emacsmirror",
        "repo": "epkgs",
        "type": "github"
      }
    },
    "flake-utils": {
      "locked": {
        "lastModified": 1667395993,
        "narHash": "sha256-nuEHfE/LcWyuSWnS8t12N1wc105Qtau+/OdUAjtQ0rA=",
        "owner": "numtide",
        "repo": "flake-utils",
        "rev": "5aed5285a952e0b949eb3ba02c12fa4fcfef535f",
        "type": "github"
      },
      "original": {
        "owner": "numtide",
        "repo": "flake-utils",
        "type": "github"
      }
    },
    "fromElisp": {
      "flake": false,
      "locked": {
        "lastModified": 1649625973,
        "narHash": "sha256-y/7IsibjBGY3uUN9K/VMKPTVAbgsV0Xdi8Hnv6Nq76E=",
        "owner": "talyz",
        "repo": "fromElisp",
        "rev": "edd1301d1fc35440ae6c918ca92039233e3d770f",
        "type": "github"
      },
      "original": {
        "owner": "talyz",
        "repo": "fromElisp",
        "type": "github"
      }
    },
    "gitignore": {
      "inputs": {
        "nixpkgs": [
          "nomake",
          "nixpkgs"
        ]
      },
      "locked": {
        "lastModified": 1660459072,
        "narHash": "sha256-8DFJjXG8zqoONA1vXtgeKXy68KdJL5UaXR8NtVMUbx8=",
        "owner": "hercules-ci",
        "repo": "gitignore.nix",
        "rev": "a20de23b925fd8264fd7fad6454652e142fd7f73",
        "type": "github"
      },
      "original": {
        "owner": "hercules-ci",
        "repo": "gitignore.nix",
        "type": "github"
      }
    },
    "gnu-elpa": {
      "flake": false,
      "locked": {
        "lastModified": 1671001752,
        "narHash": "sha256-plUPkS9XYLhBPuwko/w3P2YvQoYCEwBal7JSUrQg0KQ=",
        "ref": "main",
        "rev": "760f50cc3cb41a15341633506c4bc8d3b98ace33",
        "revCount": 475,
        "type": "git",
        "url": "https://git.savannah.gnu.org/git/emacs/elpa.git"
      },
      "original": {
        "ref": "main",
        "type": "git",
        "url": "https://git.savannah.gnu.org/git/emacs/elpa.git"
      }
    },
    "melpa": {
      "flake": false,
      "locked": {
        "lastModified": 1668245967,
        "narHash": "sha256-41yLaqncCbfKzV0C+EqkT79ZTwlVtYNQNzSQxjHo+3o=",
        "owner": "akirak",
        "repo": "melpa",
        "rev": "f2d8c217a210df9f37eb65dd47e1e08d6e50542f",
        "type": "github"
      },
      "original": {
        "owner": "akirak",
        "ref": "org-placeholder",
        "repo": "melpa",
        "type": "github"
      }
    },
    "nixpkgs": {
      "locked": {
        "lastModified": 0,
        "narHash": "sha256-Ctij+dOi0ZZIfX5eMhgwugfvB+WZSrvVNAyAuANOsnQ=",
        "path": "/nix/store/m2vv0bxfchzrjngx8wi0i7dhzb9q2g50-source",
        "type": "path"
      },
      "original": {
        "id": "nixpkgs",
        "type": "indirect"
      }
    },
    "nomake": {
      "inputs": {
        "elsa": "elsa",
        "emacs": [
          "emacs"
        ],
        "emacs-ci": "emacs-ci",
        "epkgs": [
          "epkgs"
        ],
        "flake-utils": "flake-utils",
        "gitignore": "gitignore",
        "gnu-elpa": [
          "gnu-elpa"
        ],
        "melpa": [
          "melpa"
        ],
        "nixpkgs": "nixpkgs",
        "package-lint": "package-lint",
        "twist": "twist"
      },
      "locked": {
        "lastModified": 1671297620,
        "narHash": "sha256-fiG3IIz6sH6zh/m0wiYgqwolJT8NwD3HXfZzmtNxKjA=",
        "owner": "emacs-twist",
        "repo": "nomake",
        "rev": "1f6839088ab60ce82487149e1de6cb091d7a55ca",
        "type": "github"
      },
      "original": {
        "owner": "emacs-twist",
        "repo": "nomake",
        "type": "github"
      }
    },
    "package-lint": {
      "flake": false,
      "locked": {
        "lastModified": 1664814981,
        "narHash": "sha256-5uza8wm6XKZUnLTp+vLOInTfUnGVGTWF4Dl0b8a72mA=",
        "owner": "purcell",
        "repo": "package-lint",
        "rev": "4ea8318c1bf79ccb1b4658d58917bbd9f990c432",
        "type": "github"
      },
      "original": {
        "owner": "purcell",
        "repo": "package-lint",
        "type": "github"
      }
    },
    "root": {
      "inputs": {
        "emacs": "emacs",
        "epkgs": "epkgs",
        "gnu-elpa": "gnu-elpa",
        "melpa": "melpa",
        "nomake": "nomake"
      }
    },
    "twist": {
      "inputs": {
        "elisp-helpers": "elisp-helpers",
        "fromElisp": "fromElisp"
      },
      "locked": {
        "lastModified": 1671219829,
        "narHash": "sha256-iivgLAlqu6NFjjrRdMlNKdBe1IlAzMoN339/qiaqiJg=",
        "owner": "emacs-twist",
        "repo": "twist.nix",
        "rev": "cb60acfcb306b55cbe7e3b1bd59af8c9938a1c51",
        "type": "github"
      },
      "original": {
        "owner": "emacs-twist",
        "repo": "twist.nix",
        "type": "github"
      }
    }
  },
  "root": "root",
  "version": 7
}
