{
  "nodes": {
    "dash": {
      "flake": false,
      "locked": {
        "lastModified": 1665650208,
        "narHash": "sha256-b0dAQPHOv0oZkmkV/0kHqSWwz45W1mWrx1Iv83/M6B0=",
        "owner": "magnars",
        "repo": "dash.el",
        "rev": "3df46d7d9fe74f52a661565888e4d31fd760f0df",
        "type": "github"
      },
      "original": {
        "owner": "magnars",
        "repo": "dash.el",
        "type": "github"
      }
    },
    "f": {
      "flake": false,
      "locked": {
        "lastModified": 1662880291,
        "narHash": "sha256-v4NDZrfwTCjyShPSNdG8WvpFNz2SBYeBRdqlOgSKIFc=",
        "owner": "rejeep",
        "repo": "f.el",
        "rev": "d50dca48929575642912bb5bbb2585709ba38f82",
        "type": "github"
      },
      "original": {
        "owner": "rejeep",
        "repo": "f.el",
        "type": "github"
      }
    },
    "ht": {
      "flake": false,
      "locked": {
        "lastModified": 1667199939,
        "narHash": "sha256-5ar906tqZrmLbCEP8ditjohHnQyTwKgUe9+NpN01md8=",
        "owner": "Wilfred",
        "repo": "ht.el",
        "rev": "e83fdb8bc0a3cc8cd2687a947e2610b20b68b7d3",
        "type": "github"
      },
      "original": {
        "owner": "Wilfred",
        "repo": "ht.el",
        "type": "github"
      }
    },
    "org-placeholder": {
      "flake": false,
      "locked": {
        "lastModified": 1671063237,
        "narHash": "sha256-uRbz/AmkvAAt/WkddX4T+JJuKEdRf9IKL1KYKUshURs=",
        "owner": "akirak",
        "repo": "org-placeholder",
        "rev": "30e2046caf248c010dc3335d1bf8047daf853553",
        "type": "github"
      },
      "original": {
        "owner": "akirak",
        "repo": "org-placeholder",
        "type": "github"
      }
    },
    "org-ql": {
      "flake": false,
      "locked": {
        "lastModified": 1670639581,
        "narHash": "sha256-F//cxghLAbhl4F/jN7YR6wvE3womTjenXdeHiIqFBdo=",
        "owner": "alphapapa",
        "repo": "org-ql",
        "rev": "d253b123cf5bf869857ef978e40e2d42c2d301f4",
        "type": "github"
      },
      "original": {
        "owner": "alphapapa",
        "repo": "org-ql",
        "type": "github"
      }
    },
    "org-super-agenda": {
      "flake": false,
      "locked": {
        "lastModified": 1661555719,
        "narHash": "sha256-n7IM7s9sFDR1TDnqs/5xDmU9vhIGIrlFdhYcubhTCzg=",
        "owner": "alphapapa",
        "repo": "org-super-agenda",
        "rev": "f4f528985397c833c870967884b013cf91a1da4a",
        "type": "github"
      },
      "original": {
        "owner": "alphapapa",
        "repo": "org-super-agenda",
        "type": "github"
      }
    },
    "ov": {
      "flake": false,
      "locked": {
        "lastModified": 1585219320,
        "narHash": "sha256-nt2yM+eMtVPlQIZlnHqEOvG8NKtFAv6VHOG4/bQkebw=",
        "owner": "emacsorphanage",
        "repo": "ov",
        "rev": "c5b9aa4e1b00d702eb2caedd61c69a22a5fa1fab",
        "type": "github"
      },
      "original": {
        "owner": "emacsorphanage",
        "repo": "ov",
        "type": "github"
      }
    },
    "peg": {
      "flake": false,
      "locked": {
        "lastModified": 1670885673,
        "narHash": "sha256-OhIGKbnj8P7k1kgxmEd8V+P3uYSgzTLky6Ps9xW4Re8=",
        "owner": "emacsmirror",
        "repo": "peg",
        "rev": "ad531e43d6fbc0ce874f82fcc500f7292a2edd17",
        "type": "github"
      },
      "original": {
        "owner": "emacsmirror",
        "repo": "peg",
        "type": "github"
      }
    },
    "root": {
      "inputs": {
        "dash": "dash",
        "f": "f",
        "ht": "ht",
        "org-placeholder": "org-placeholder",
        "org-ql": "org-ql",
        "org-super-agenda": "org-super-agenda",
        "ov": "ov",
        "peg": "peg",
        "s": "s",
        "ts": "ts"
      }
    },
    "s": {
      "flake": false,
      "locked": {
        "lastModified": 1662132008,
        "narHash": "sha256-rB+b9Z2KISHwYIgXm2g2EX/EUpA9NWDFfuzrj93dzAc=",
        "owner": "magnars",
        "repo": "s.el",
        "rev": "e957dcb0677da18b2bb60ad867db5df5c35b5616",
        "type": "github"
      },
      "original": {
        "owner": "magnars",
        "repo": "s.el",
        "type": "github"
      }
    },
    "ts": {
      "flake": false,
      "locked": {
        "lastModified": 1661210030,
        "narHash": "sha256-2UU1cPaB+hyEtk4rjwoC54BERcAup99aCrTZn0pwkaI=",
        "owner": "alphapapa",
        "repo": "ts.el",
        "rev": "552936017cfdec89f7fc20c254ae6b37c3f22c5b",
        "type": "github"
      },
      "original": {
        "owner": "alphapapa",
        "repo": "ts.el",
        "type": "github"
      }
    }
  },
  "root": "root",
  "version": 7
}
