{
  "nodes": {
    "dash": {
      "flake": false,
      "locked": {
        "lastModified": 1665650208,
        "narHash": "sha256-b0dAQPHOv0oZkmkV/0kHqSWwz45W1mWrx1Iv83/M6B0=",
        "owner": "magnars",
        "repo": "dash.el",
        "rev": "3df46d7d9fe74f52a661565888e4d31fd760f0df",
        "type": "github"
      },
      "original": {
        "owner": "magnars",
        "repo": "dash.el",
        "type": "github"
      }
    },
    "f": {
      "flake": false,
      "locked": {
        "lastModified": 1662880291,
        "narHash": "sha256-v4NDZrfwTCjyShPSNdG8WvpFNz2SBYeBRdqlOgSKIFc=",
        "owner": "rejeep",
        "repo": "f.el",
        "rev": "d50dca48929575642912bb5bbb2585709ba38f82",
        "type": "github"
      },
      "original": {
        "owner": "rejeep",
        "repo": "f.el",
        "type": "github"
      }
    },
    "ht": {
      "flake": false,
      "locked": {
        "lastModified": 1667199939,
        "narHash": "sha256-5ar906tqZrmLbCEP8ditjohHnQyTwKgUe9+NpN01md8=",
        "owner": "Wilfred",
        "repo": "ht.el",
        "rev": "e83fdb8bc0a3cc8cd2687a947e2610b20b68b7d3",
        "type": "github"
      },
      "original": {
        "owner": "Wilfred",
        "repo": "ht.el",
        "type": "github"
      }
    },
    "org-placeholder": {
      "flake": false,
      "locked": {
        "lastModified": 1668937039,
        "narHash": "sha256-PHM014JhUlPTmxLzUFw7q/uE0OpPGpSl75UzphkMjMs=",
        "owner": "akirak",
        "repo": "org-placeholder",
        "rev": "7f7446a87b3db0f78ac6578286fe186c239b889e",
        "type": "github"
      },
      "original": {
        "owner": "akirak",
        "repo": "org-placeholder",
        "type": "github"
      }
    },
    "org-ql": {
      "flake": false,
      "locked": {
        "lastModified": 1665185695,
        "narHash": "sha256-cgd4695ByDgGEUoGjlu8nLcH5OeeEXBHIH305RHV2Ls=",
        "owner": "alphapapa",
        "repo": "org-ql",
        "rev": "5f70636556bffca92d8ef8297ba3002a4ab5b52d",
        "type": "github"
      },
      "original": {
        "owner": "alphapapa",
        "repo": "org-ql",
        "type": "github"
      }
    },
    "org-super-agenda": {
      "flake": false,
      "locked": {
        "lastModified": 1661555719,
        "narHash": "sha256-n7IM7s9sFDR1TDnqs/5xDmU9vhIGIrlFdhYcubhTCzg=",
        "owner": "alphapapa",
        "repo": "org-super-agenda",
        "rev": "f4f528985397c833c870967884b013cf91a1da4a",
        "type": "github"
      },
      "original": {
        "owner": "alphapapa",
        "repo": "org-super-agenda",
        "type": "github"
      }
    },
    "ov": {
      "flake": false,
      "locked": {
        "lastModified": 1585219320,
        "narHash": "sha256-nt2yM+eMtVPlQIZlnHqEOvG8NKtFAv6VHOG4/bQkebw=",
        "owner": "emacsorphanage",
        "repo": "ov",
        "rev": "c5b9aa4e1b00d702eb2caedd61c69a22a5fa1fab",
        "type": "github"
      },
      "original": {
        "owner": "emacsorphanage",
        "repo": "ov",
        "type": "github"
      }
    },
    "peg": {
      "flake": false,
      "locked": {
        "lastModified": 1552924737,
        "narHash": "sha256-pca6jkenBO+/Oy5CMvP6TO24vtJKSysJnySFhh0iUvc=",
        "owner": "emacsmirror",
        "repo": "peg",
        "rev": "9a8d2396e7a63914df4df460a96bc8caaa14e7eb",
        "type": "github"
      },
      "original": {
        "owner": "emacsmirror",
        "repo": "peg",
        "type": "github"
      }
    },
    "root": {
      "inputs": {
        "dash": "dash",
        "f": "f",
        "ht": "ht",
        "org-placeholder": "org-placeholder",
        "org-ql": "org-ql",
        "org-super-agenda": "org-super-agenda",
        "ov": "ov",
        "peg": "peg",
        "s": "s",
        "ts": "ts"
      }
    },
    "s": {
      "flake": false,
      "locked": {
        "lastModified": 1662132008,
        "narHash": "sha256-rB+b9Z2KISHwYIgXm2g2EX/EUpA9NWDFfuzrj93dzAc=",
        "owner": "magnars",
        "repo": "s.el",
        "rev": "e957dcb0677da18b2bb60ad867db5df5c35b5616",
        "type": "github"
      },
      "original": {
        "owner": "magnars",
        "repo": "s.el",
        "type": "github"
      }
    },
    "ts": {
      "flake": false,
      "locked": {
        "lastModified": 1661210030,
        "narHash": "sha256-2UU1cPaB+hyEtk4rjwoC54BERcAup99aCrTZn0pwkaI=",
        "owner": "alphapapa",
        "repo": "ts.el",
        "rev": "552936017cfdec89f7fc20c254ae6b37c3f22c5b",
        "type": "github"
      },
      "original": {
        "owner": "alphapapa",
        "repo": "ts.el",
        "type": "github"
      }
    }
  },
  "root": "root",
  "version": 7
}
